[root]
name = "rustv"
version = "0.0.1-pre"
dependencies = [
 "docopt 0.6.2 (git+https://github.com/burntsushi/docopt.rs#52fd504ac4d9e9599adf0da51357dce00221d1de)",
 "docopt_macros 0.6.2 (git+https://github.com/burntsushi/docopt.rs#52fd504ac4d9e9599adf0da51357dce00221d1de)",
 "http 0.1.0-pre (git+https://github.com/chris-morgan/rust-http#42c1b07f551bd33303f5c5d1997c0af22c21720a)",
 "toml 0.1.0 (git+https://github.com/alexcrichton/toml-rs#e3ce3517348dd5f6f6306dc1f3bae7f9dd77c0fe)",
]

[[package]]
name = "docopt"
version = "0.6.2"
source = "git+https://github.com/burntsushi/docopt.rs#52fd504ac4d9e9599adf0da51357dce00221d1de"

[[package]]
name = "docopt"
version = "0.6.2"
source = "git+https://github.com/docopt/docopt.rs#52fd504ac4d9e9599adf0da51357dce00221d1de"

[[package]]
name = "docopt_macros"
version = "0.6.2"
source = "git+https://github.com/burntsushi/docopt.rs#52fd504ac4d9e9599adf0da51357dce00221d1de"
dependencies = [
 "docopt 0.6.2 (git+https://github.com/docopt/docopt.rs#52fd504ac4d9e9599adf0da51357dce00221d1de)",
]

[[package]]
name = "encoding"
version = "0.1.0"
source = "git+https://github.com/lifthrasiir/rust-encoding#a44501c7d87dec0a8071053a57c1213b33195ee9"

[[package]]
name = "http"
version = "0.1.0-pre"
source = "git+https://github.com/chris-morgan/rust-http#42c1b07f551bd33303f5c5d1997c0af22c21720a"
dependencies = [
 "openssl 0.0.0 (git+https://github.com/sfackler/rust-openssl.git#cd40d25cb5721064c5c2002c41a616d2dba7399a)",
 "url 0.1.0 (git+https://github.com/servo/rust-url#d894135cac4e0085f41ba3a816240b792f9e6154)",
]

[[package]]
name = "openssl"
version = "0.0.0"
source = "git+https://github.com/sfackler/rust-openssl.git#cd40d25cb5721064c5c2002c41a616d2dba7399a"

[[package]]
name = "toml"
version = "0.1.0"
source = "git+https://github.com/alexcrichton/toml-rs#e3ce3517348dd5f6f6306dc1f3bae7f9dd77c0fe"

[[package]]
name = "url"
version = "0.1.0"
source = "git+https://github.com/servo/rust-url#d894135cac4e0085f41ba3a816240b792f9e6154"
dependencies = [
 "encoding 0.1.0 (git+https://github.com/lifthrasiir/rust-encoding#a44501c7d87dec0a8071053a57c1213b33195ee9)",
]

